
Microsoft Visual Studio Solution File, Format Version 12.00
# Visual Studio 15
VisualStudioVersion = 15.0.28307.757
MinimumVisualStudioVersion = 10.0.40219.1
Project("{FAE04EC0-301F-11D3-BF4B-00C04F79EFBC}") = "wpf-end-user-report-designer-how-to-register-a-custom-control-in-the-designers", "wpf-end-user-report-designer-how-to-register-a-custom-control-in-the-designers.csproj", "{B722530C-ACC9-4D28-BBDC-114D2FC0CCD2}"
EndProject
Global
	GlobalSection(SolutionConfigurationPlatforms) = preSolution
		Debug|Any CPU = Debug|Any CPU
		Release|Any CPU = Release|Any CPU
	EndGlobalSection
	GlobalSection(ProjectConfigurationPlatforms) = postSolution
		{B722530C-ACC9-4D28-BBDC-114D2FC0CCD2}.Debug|Any CPU.ActiveCfg = Debug|Any CPU
		{B722530C-ACC9-4D28-BBDC-114D2FC0CCD2}.Debug|Any CPU.Build.0 = Debug|Any CPU
		{B722530C-ACC9-4D28-BBDC-114D2FC0CCD2}.Release|Any CPU.ActiveCfg = Release|Any CPU
		{B722530C-ACC9-4D28-BBDC-114D2FC0CCD2}.Release|Any CPU.Build.0 = Release|Any CPU
		EndGlobalSection
	GlobalSection(SolutionProperties) = preSolution
		HideSolutionNode = FALSE
	EndGlobalSection
	GlobalSection(ExtensibilityGlobals) = postSolution
		SolutionGuid = {5CE47134-04F4-47C5-BD2F-71FC8C9904E0}
	EndGlobalSection
EndGlobal
